{
  "name": "WebApplication1",
  "lockfileVersion": 3,
  "requires": true,
  "packages": {
    "": {
      "dependencies": {
        "datatables.net-autofill-bs5": "^2.6.0",
        "datatables.net-bs5": "^1.13.8",
        "datatables.net-buttons-bs5": "^2.4.2",
        "datatables.net-datetime": "^1.5.0",
        "datatables.net-fixedcolumns-bs5": "^4.3.0",
        "datatables.net-fixedheader-bs5": "^3.4.0",
        "datatables.net-keytable-bs5": "^2.11.0",
        "datatables.net-scroller-bs5": "^2.3.0",
        "datatables.net-select-bs5": "^1.7.0",
        "jszip": "^3.10.1"
      }
    },
    "node_modules/core-util-is": {
      "version": "1.0.3",
      "resolved": "https://registry.npmjs.org/core-util-is/-/core-util-is-1.0.3.tgz",
      "integrity": "sha512-ZQBvi1DcpJ4GDqanjucZ2Hj3wEO5pZDS89BWbkcrvdxksJorwUDDZamX9ldFkp9aw2lmBDLgkObEA4DWNJ9FYQ=="
    },
    "node_modules/datatables.net": {
      "version": "1.13.8",
      "resolved": "https://registry.npmjs.org/datatables.net/-/datatables.net-1.13.8.tgz",
      "integrity": "sha512-2pDamr+GUwPTby2OgriVB9dR9ftFKD2AQyiuCXzZIiG4d9KkKFQ7gqPfNmG7uj9Tc5kDf+rGj86do4LAb/V71g==",
      "dependencies": {
        "jquery": ">=1.7"
      }
    },
    "node_modules/datatables.net-autofill": {
      "version": "2.6.0",
      "resolved": "https://registry.npmjs.org/datatables.net-autofill/-/datatables.net-autofill-2.6.0.tgz",
      "integrity": "sha512-vDZxBZtJq3lBiI0Feruo+MrWA/Mz7SbWKQqq3SOoZnYsD2EJVZ7LX1nWMoUJh4n/5FM+tViGQvh3gj/J6tiTCw==",
      "dependencies": {
        "datatables.net": ">=1.13.4",
        "jquery": ">=1.7"
      }
    },
    "node_modules/datatables.net-autofill-bs5": {
      "version": "2.6.0",
      "resolved": "https://registry.npmjs.org/datatables.net-autofill-bs5/-/datatables.net-autofill-bs5-2.6.0.tgz",
      "integrity": "sha512-Vx6iO6vMWGywgwq1ZvnVpKs2hAnJiNc6EBmUQB1aJhTTJxQMS/ThtHndJTvJneQw56G0oehQww29m73p+BGZpQ==",
      "dependencies": {
        "datatables.net-autofill": ">=2.5.3",
        "datatables.net-bs5": ">=1.13.4",
        "jquery": ">=1.7"
      }
    },
    "node_modules/datatables.net-bs5": {
      "version": "1.13.8",
      "resolved": "https://registry.npmjs.org/datatables.net-bs5/-/datatables.net-bs5-1.13.8.tgz",
      "integrity": "sha512-3B6S8LiKGtUtOsA97SkMddwggrza6JDtubnw1qjFb/mjqDmWO0PC1+QWeUspkLPFQCCbLaSVfXLWMdo44IGEmQ==",
      "dependencies": {
        "datatables.net": "1.13.8",
        "jquery": ">=1.7"
      }
    },
    "node_modules/datatables.net-buttons": {
      "version": "2.4.2",
      "resolved": "https://registry.npmjs.org/datatables.net-buttons/-/datatables.net-buttons-2.4.2.tgz",
      "integrity": "sha512-ps88Wk6yju8hPyqIPhHZ9xhL+pAfgoiI1nZsyPswvqk84kzcqgj1nmulSSLMYNwFG8awsU8C94gF+Pf+JhDh7g==",
      "dependencies": {
        "datatables.net": ">=1.13.4",
        "jquery": ">=1.7"
      }
    },
    "node_modules/datatables.net-buttons-bs5": {
      "version": "2.4.2",
      "resolved": "https://registry.npmjs.org/datatables.net-buttons-bs5/-/datatables.net-buttons-bs5-2.4.2.tgz",
      "integrity": "sha512-FIapzeW8zBZJ6/yjnbXn22gjk0ONSLykFRfxiU5w1Zjnn2e3fPSi/xN9l9NagRXFvRO80zacC4nYmYOc2cXKfg==",
      "dependencies": {
        "datatables.net-bs5": ">=1.13.4",
        "datatables.net-buttons": ">=2.3.6",
        "jquery": ">=1.7"
      }
    },
    "node_modules/datatables.net-datetime": {
      "version": "1.5.0",
      "resolved": "https://registry.npmjs.org/datatables.net-datetime/-/datatables.net-datetime-1.5.0.tgz",
      "integrity": "sha512-MyqPiaLVcf51rkAmUww1GFeJeLl9XqVXOOHMWw8NrR/5usaTINO3gORXYuH9QQSf4wWUs7naWWgyHczxKPWu6g=="
    },
    "node_modules/datatables.net-fixedcolumns": {
      "version": "4.3.0",
      "resolved": "https://registry.npmjs.org/datatables.net-fixedcolumns/-/datatables.net-fixedcolumns-4.3.0.tgz",
      "integrity": "sha512-H2otCswJDHufI4A8k7HUDj25HCB3a44KFnBlYEwYFWdrJayLcYB3I79kBjS8rSCu4rFEp0I9nVLKvWgKlZZgCQ==",
      "dependencies": {
        "datatables.net": ">=1.13.4",
        "jquery": ">=1.7"
      }
    },
    "node_modules/datatables.net-fixedcolumns-bs5": {
      "version": "4.3.0",
      "resolved": "https://registry.npmjs.org/datatables.net-fixedcolumns-bs5/-/datatables.net-fixedcolumns-bs5-4.3.0.tgz",
      "integrity": "sha512-DvBRTfFlvZAqUErXYgkQLcF70sL5zBSJNsaWLF3in++sYHZDfY3fdVqHu0NQMTE0QuwmYh61AgJUrtWLrp7zwQ==",
      "dependencies": {
        "datatables.net-bs5": ">=1.13.4",
        "datatables.net-fixedcolumns": ">=4.2.2",
        "jquery": ">=1.7"
      }
    },
    "node_modules/datatables.net-fixedheader": {
      "version": "3.4.0",
      "resolved": "https://registry.npmjs.org/datatables.net-fixedheader/-/datatables.net-fixedheader-3.4.0.tgz",
      "integrity": "sha512-qglLTqo/T0IJq0Lp7Ca7wEo50T1iqUO2+YeVG4Ddy6ML5f66B7mLZLzP6yy8zXACFjlRGBDEDxD0ato3g6tviA==",
      "dependencies": {
        "datatables.net": ">=1.13.4",
        "jquery": ">=1.7"
      }
    },
    "node_modules/datatables.net-fixedheader-bs5": {
      "version": "3.4.0",
      "resolved": "https://registry.npmjs.org/datatables.net-fixedheader-bs5/-/datatables.net-fixedheader-bs5-3.4.0.tgz",
      "integrity": "sha512-x2dTTrsZnm8ah7DJSF40XAiUGEk3oAdBMtrucfZM8TnbU8ekhe+LJAbSj4epDXBr8BAfnVi3KMlfiZKEsa5lRQ==",
      "dependencies": {
        "datatables.net-bs5": ">=1.13.4",
        "datatables.net-fixedheader": ">=3.3.2",
        "jquery": ">=1.7"
      }
    },
    "node_modules/datatables.net-keytable": {
      "version": "2.11.0",
      "resolved": "https://registry.npmjs.org/datatables.net-keytable/-/datatables.net-keytable-2.11.0.tgz",
      "integrity": "sha512-JPz3r/8Je99vKeoC110GEfOFooQvc86k+lCj1+wnte/+u/68WnaJGvEI8oEa/Vwvzah8q9LJmUzQCziVxbRAYg==",
      "dependencies": {
        "datatables.net": ">=1.11",
        "jquery": ">=1.7"
      }
    },
    "node_modules/datatables.net-keytable-bs5": {
      "version": "2.11.0",
      "resolved": "https://registry.npmjs.org/datatables.net-keytable-bs5/-/datatables.net-keytable-bs5-2.11.0.tgz",
      "integrity": "sha512-O6pIkQzHpCi7lyRO6KymycmNXSWJsRr6Wz5SKtE/Nwwj5JlIGIwKB+SIv98uCEWfWHuBgJOVdGafCNktCgoUPQ==",
      "dependencies": {
        "datatables.net-bs5": ">=1.11",
        "datatables.net-keytable": "2.11.0",
        "jquery": ">=1.7"
      }
    },
    "node_modules/datatables.net-scroller": {
      "version": "2.3.0",
      "resolved": "https://registry.npmjs.org/datatables.net-scroller/-/datatables.net-scroller-2.3.0.tgz",
      "integrity": "sha512-/ruwuUVhwJH/cd6r7uYzSAGzBAxODEYisjifo9vpkOzEFNd96rgbfdRMfEwgqC7bFpYyMsWP0/aOieiCxKEdYg==",
      "dependencies": {
        "datatables.net": ">=1.11",
        "jquery": ">=1.7"
      }
    },
    "node_modules/datatables.net-scroller-bs5": {
      "version": "2.3.0",
      "resolved": "https://registry.npmjs.org/datatables.net-scroller-bs5/-/datatables.net-scroller-bs5-2.3.0.tgz",
      "integrity": "sha512-zNYDsGc0HnDi5QLaoZoBNV/aUb/vn/l25uJ3rsEI4KZ5q0SQeFZPjFOe+KB+kZ1bXm8hyFFXtojoLYVs9PUrxw==",
      "dependencies": {
        "datatables.net-bs5": ">=1.11",
        "datatables.net-scroller": "2.3.0",
        "jquery": ">=1.7"
      }
    },
    "node_modules/datatables.net-select": {
      "version": "1.7.0",
      "resolved": "https://registry.npmjs.org/datatables.net-select/-/datatables.net-select-1.7.0.tgz",
      "integrity": "sha512-ps8eL8S2gUV7EdzMraw8mfQlHXpfuc8TC2onBxdk0snP8eizPe85VhpI3r4ULvPRTTI7vcViz8E7JV8aayA2lw==",
      "dependencies": {
        "datatables.net": ">=1.13.4",
        "jquery": ">=1.7"
      }
    },
    "node_modules/datatables.net-select-bs5": {
      "version": "1.7.0",
      "resolved": "https://registry.npmjs.org/datatables.net-select-bs5/-/datatables.net-select-bs5-1.7.0.tgz",
      "integrity": "sha512-9lDH+V+9ewaVSpKUFMplmpxEBM6eeUl0C+feGD4BRKkrFhMAzVYfuLibm4/gJvG0burQciO9U9eoLI9ywdiWWw==",
      "dependencies": {
        "datatables.net-bs5": ">=1.13.4",
        "datatables.net-select": ">=1.6.2",
        "jquery": ">=1.7"
      }
    },
    "node_modules/immediate": {
      "version": "3.0.6",
      "resolved": "https://registry.npmjs.org/immediate/-/immediate-3.0.6.tgz",
      "integrity": "sha512-XXOFtyqDjNDAQxVfYxuF7g9Il/IbWmmlQg2MYKOH8ExIT1qg6xc4zyS3HaEEATgs1btfzxq15ciUiY7gjSXRGQ=="
    },
    "node_modules/inherits": {
      "version": "2.0.4",
      "resolved": "https://registry.npmjs.org/inherits/-/inherits-2.0.4.tgz",
      "integrity": "sha512-k/vGaX4/Yla3WzyMCvTQOXYeIHvqOKtnqBduzTHpzpQZzAskKMhZ2K+EnBiSM9zGSoIFeMpXKxa4dYeZIQqewQ=="
    },
    "node_modules/isarray": {
      "version": "1.0.0",
      "resolved": "https://registry.npmjs.org/isarray/-/isarray-1.0.0.tgz",
      "integrity": "sha512-VLghIWNM6ELQzo7zwmcg0NmTVyWKYjvIeM83yjp0wRDTmUnrM678fQbcKBo6n2CJEF0szoG//ytg+TKla89ALQ=="
    },
    "node_modules/jquery": {
      "version": "3.7.1",
      "resolved": "https://registry.npmjs.org/jquery/-/jquery-3.7.1.tgz",
      "integrity": "sha512-m4avr8yL8kmFN8psrbFFFmB/If14iN5o9nw/NgnnM+kybDJpRsAynV2BsfpTYrTRysYUdADVD7CkUUizgkpLfg=="
    },
    "node_modules/jszip": {
      "version": "3.10.1",
      "resolved": "https://registry.npmjs.org/jszip/-/jszip-3.10.1.tgz",
      "integrity": "sha512-xXDvecyTpGLrqFrvkrUSoxxfJI5AH7U8zxxtVclpsUtMCq4JQ290LY8AW5c7Ggnr/Y/oK+bQMbqK2qmtk3pN4g==",
      "dependencies": {
        "lie": "~3.3.0",
        "pako": "~1.0.2",
        "readable-stream": "~2.3.6",
        "setimmediate": "^1.0.5"
      }
    },
    "node_modules/lie": {
      "version": "3.3.0",
      "resolved": "https://registry.npmjs.org/lie/-/lie-3.3.0.tgz",
      "integrity": "sha512-UaiMJzeWRlEujzAuw5LokY1L5ecNQYZKfmyZ9L7wDHb/p5etKaxXhohBcrw0EYby+G/NA52vRSN4N39dxHAIwQ==",
      "dependencies": {
        "immediate": "~3.0.5"
      }
    },
    "node_modules/pako": {
      "version": "1.0.11",
      "resolved": "https://registry.npmjs.org/pako/-/pako-1.0.11.tgz",
      "integrity": "sha512-4hLB8Py4zZce5s4yd9XzopqwVv/yGNhV1Bl8NTmCq1763HeK2+EwVTv+leGeL13Dnh2wfbqowVPXCIO0z4taYw=="
    },
    "node_modules/process-nextick-args": {
      "version": "2.0.1",
      "resolved": "https://registry.npmjs.org/process-nextick-args/-/process-nextick-args-2.0.1.tgz",
      "integrity": "sha512-3ouUOpQhtgrbOa17J7+uxOTpITYWaGP7/AhoR3+A+/1e9skrzelGi/dXzEYyvbxubEF6Wn2ypscTKiKJFFn1ag=="
    },
    "node_modules/readable-stream": {
      "version": "2.3.8",
      "resolved": "https://registry.npmjs.org/readable-stream/-/readable-stream-2.3.8.tgz",
      "integrity": "sha512-8p0AUk4XODgIewSi0l8Epjs+EVnWiK7NoDIEGU0HhE7+ZyY8D1IMY7odu5lRrFXGg71L15KG8QrPmum45RTtdA==",
      "dependencies": {
        "core-util-is": "~1.0.0",
        "inherits": "~2.0.3",
        "isarray": "~1.0.0",
        "process-nextick-args": "~2.0.0",
        "safe-buffer": "~5.1.1",
        "string_decoder": "~1.1.1",
        "util-deprecate": "~1.0.1"
      }
    },
    "node_modules/safe-buffer": {
      "version": "5.1.2",
      "resolved": "https://registry.npmjs.org/safe-buffer/-/safe-buffer-5.1.2.tgz",
      "integrity": "sha512-Gd2UZBJDkXlY7GbJxfsE8/nvKkUEU1G38c1siN6QP6a9PT9MmHB8GnpscSmMJSoF8LOIrt8ud/wPtojys4G6+g=="
    },
    "node_modules/setimmediate": {
      "version": "1.0.5",
      "resolved": "https://registry.npmjs.org/setimmediate/-/setimmediate-1.0.5.tgz",
      "integrity": "sha512-MATJdZp8sLqDl/68LfQmbP8zKPLQNV6BIZoIgrscFDQ+RsvK/BxeDQOgyxKKoh0y/8h3BqVFnCqQ/gd+reiIXA=="
    },
    "node_modules/string_decoder": {
      "version": "1.1.1",
      "resolved": "https://registry.npmjs.org/string_decoder/-/string_decoder-1.1.1.tgz",
      "integrity": "sha512-n/ShnvDi6FHbbVfviro+WojiFzv+s8MPMHBczVePfUpDJLwoLT0ht1l4YwBCbi8pJAveEEdnkHyPyTP/mzRfwg==",
      "dependencies": {
        "safe-buffer": "~5.1.0"
      }
    },
    "node_modules/util-deprecate": {
      "version": "1.0.2",
      "resolved": "https://registry.npmjs.org/util-deprecate/-/util-deprecate-1.0.2.tgz",
      "integrity": "sha512-EPD5q1uXyFxJpCrLnCc1nHnq3gOa6DZBocAIiI2TaSCA7VCJ1UJDMagCzIkXNsUYfD1daK//LTEQ8xiIbrHtcw=="
    }
  }
}
